lockVersion: 2.0.0
id: 47e8e950-a454-4ebb-9f78-86fda7dfa0c2
management:
  docChecksum: 2422daf10293e923232daf08349ae0ae
  docVersion: 0.2.0
  speakeasyVersion: 1.277.8
  generationVersion: 2.319.10
  releaseVersion: 0.6.10
  configChecksum: a52bb5ad43f3cef73296dc5804a2b8d7
  repoURL: https://github.com/StyraInc/opa-java.git
  published: true
features:
  java:
    constsAndDefaults: 0.1.1
    core: 3.19.4
    examples: 2.81.3
    flattening: 2.81.1
    globalServerURLs: 2.82.1
    unions: 0.0.3
generatedFiles:
  - src/main/java/com/styra/opa/openapi/SecuritySource.java
  - src/main/java/com/styra/opa/openapi/models/shared/Security.java
  - src/main/java/com/styra/opa/openapi/SDKConfiguration.java
  - src/main/java/com/styra/opa/openapi/models/operations/ExecutePolicyRequestBuilder.java
  - src/main/java/com/styra/opa/openapi/models/operations/ExecutePolicyWithInputRequestBuilder.java
  - src/main/java/com/styra/opa/openapi/models/operations/HealthRequestBuilder.java
  - src/main/java/com/styra/opa/openapi/models/operations/SDKMethodInterfaces.java
  - src/main/java/com/styra/opa/openapi/OpaApiClient.java
  - .gitattributes
  - build.gradle
  - gradle/wrapper/gradle-wrapper.jar
  - gradle/wrapper/gradle-wrapper.properties
  - gradlew
  - gradlew.bat
  - settings.gradle
  - src/main/java/com/styra/opa/openapi/utils/BackoffStrategy.java
  - src/main/java/com/styra/opa/openapi/utils/BigDecimalString.java
  - src/main/java/com/styra/opa/openapi/utils/BigIntegerString.java
  - src/main/java/com/styra/opa/openapi/utils/Deserializers.java
  - src/main/java/com/styra/opa/openapi/utils/FormMetadata.java
  - src/main/java/com/styra/opa/openapi/utils/HTTPClient.java
  - src/main/java/com/styra/opa/openapi/utils/HTTPRequest.java
  - src/main/java/com/styra/opa/openapi/utils/HeaderMetadata.java
  - src/main/java/com/styra/opa/openapi/utils/Hook.java
  - src/main/java/com/styra/opa/openapi/utils/Hooks.java
  - src/main/java/com/styra/opa/openapi/utils/JSON.java
  - src/main/java/com/styra/opa/openapi/utils/LazySingletonValue.java
  - src/main/java/com/styra/opa/openapi/utils/Metadata.java
  - src/main/java/com/styra/opa/openapi/utils/MultipartFormMetadata.java
  - src/main/java/com/styra/opa/openapi/utils/OneOfDeserializer.java
  - src/main/java/com/styra/opa/openapi/utils/Options.java
  - src/main/java/com/styra/opa/openapi/utils/PathParamsMetadata.java
  - src/main/java/com/styra/opa/openapi/utils/QueryParameters.java
  - src/main/java/com/styra/opa/openapi/utils/QueryParamsMetadata.java
  - src/main/java/com/styra/opa/openapi/utils/RequestBody.java
  - src/main/java/com/styra/opa/openapi/utils/RequestMetadata.java
  - src/main/java/com/styra/opa/openapi/utils/Response.java
  - src/main/java/com/styra/opa/openapi/utils/Retries.java
  - src/main/java/com/styra/opa/openapi/utils/RetryConfig.java
  - src/main/java/com/styra/opa/openapi/utils/Security.java
  - src/main/java/com/styra/opa/openapi/utils/SecurityMetadata.java
  - src/main/java/com/styra/opa/openapi/utils/SerializedBody.java
  - src/main/java/com/styra/opa/openapi/utils/SpeakeasyHTTPClient.java
  - src/main/java/com/styra/opa/openapi/utils/SpeakeasyMetadata.java
  - src/main/java/com/styra/opa/openapi/utils/TypedObject.java
  - src/main/java/com/styra/opa/openapi/utils/Types.java
  - src/main/java/com/styra/opa/openapi/utils/Utils.java
  - src/main/java/com/styra/opa/openapi/models/errors/SDKError.java
  - src/main/java/com/styra/opa/openapi/models/operations/ExecutePolicyRequest.java
  - src/main/java/com/styra/opa/openapi/models/operations/ExecutePolicyResponse.java
  - src/main/java/com/styra/opa/openapi/models/operations/ExecutePolicyWithInputRequestBody.java
  - src/main/java/com/styra/opa/openapi/models/operations/ExecutePolicyWithInputRequest.java
  - src/main/java/com/styra/opa/openapi/models/operations/ExecutePolicyWithInputResponse.java
  - src/main/java/com/styra/opa/openapi/models/operations/HealthRequest.java
  - src/main/java/com/styra/opa/openapi/models/operations/HealthResponse.java
  - src/main/java/com/styra/opa/openapi/models/shared/SuccessfulPolicyEvaluation.java
  - src/main/java/com/styra/opa/openapi/models/shared/Revision.java
  - src/main/java/com/styra/opa/openapi/models/shared/Provenance.java
  - src/main/java/com/styra/opa/openapi/models/shared/Result.java
  - src/main/java/com/styra/opa/openapi/models/shared/Explain.java
  - src/main/java/com/styra/opa/openapi/models/shared/GzipAcceptEncoding.java
  - src/main/java/com/styra/opa/openapi/models/shared/Input.java
  - src/main/java/com/styra/opa/openapi/models/shared/GzipContentEncoding.java
  - src/main/java/com/styra/opa/openapi/models/shared/HealthyServer.java
  - src/main/java/com/styra/opa/openapi/models/errors/Location.java
  - src/main/java/com/styra/opa/openapi/models/errors/Errors.java
  - src/main/java/com/styra/opa/openapi/models/errors/ClientError.java
  - src/main/java/com/styra/opa/openapi/models/errors/ServerErrorLocation.java
  - src/main/java/com/styra/opa/openapi/models/errors/ServerErrorErrors.java
  - src/main/java/com/styra/opa/openapi/models/errors/ServerError.java
  - src/main/java/com/styra/opa/openapi/models/errors/UnhealthyServer.java
  - docs/models/operations/ExecutePolicyRequest.md
  - docs/models/operations/ExecutePolicyResponse.md
  - docs/models/operations/ExecutePolicyWithInputRequestBody.md
  - docs/models/operations/ExecutePolicyWithInputRequest.md
  - docs/models/operations/ExecutePolicyWithInputResponse.md
  - docs/models/operations/HealthRequest.md
  - docs/models/operations/HealthResponse.md
  - docs/models/shared/SuccessfulPolicyEvaluation.md
  - docs/models/shared/Revision.md
  - docs/models/shared/Provenance.md
  - docs/models/shared/Result.md
  - docs/models/shared/Explain.md
  - docs/models/shared/GzipAcceptEncoding.md
  - docs/models/shared/Input.md
  - docs/models/shared/GzipContentEncoding.md
  - docs/models/shared/HealthyServer.md
  - docs/models/errors/Location.md
  - docs/models/errors/Errors.md
  - docs/models/errors/ClientError.md
  - docs/models/errors/ServerErrorLocation.md
  - docs/models/errors/ServerErrorErrors.md
  - docs/models/errors/ServerError.md
  - docs/models/errors/UnhealthyServer.md
  - docs/sdks/opaapiclient/README.md
  - USAGE.md
