lockVersion: 2.0.0
id: 47e8e950-a454-4ebb-9f78-86fda7dfa0c2
management:
  docChecksum: 54d33facef3aa19f358d15ab44e34141
  docVersion: 0.2.0
  speakeasyVersion: 1.406.0
  generationVersion: 2.429.0
  releaseVersion: 1.8.0
  configChecksum: 39fc35b210cab57386c8f5c0d40d9dcb
  repoURL: https://github.com/StyraInc/opa-java.git
  published: true
features:
  java:
    additionalDependencies: 0.1.0
    constsAndDefaults: 0.1.1
    core: 3.30.4
    examples: 2.81.3
    flattening: 2.81.1
    globalSecurity: 2.82.7
    globalSecurityCallbacks: 0.1.0
    globalServerURLs: 2.82.1
    sdkHooks: 0.1.0
    unions: 0.0.5
generatedFiles:
  - .gitattributes
  - CONTRIBUTING.md
  - USAGE.md
  - build.gradle
  - docs/models/errors/BatchServerError.md
  - docs/models/errors/ClientError.md
  - docs/models/errors/ClientError1.md
  - docs/models/errors/Errors.md
  - docs/models/errors/Location.md
  - docs/models/errors/ServerError.md
  - docs/models/errors/ServerErrorErrors.md
  - docs/models/errors/ServerErrorLocation.md
  - docs/models/errors/UnhealthyServer.md
  - docs/models/operations/ExecuteBatchPolicyWithInputRequest.md
  - docs/models/operations/ExecuteBatchPolicyWithInputRequestBody.md
  - docs/models/operations/ExecuteBatchPolicyWithInputResponse.md
  - docs/models/operations/ExecuteDefaultPolicyWithInputRequest.md
  - docs/models/operations/ExecuteDefaultPolicyWithInputResponse.md
  - docs/models/operations/ExecutePolicyRequest.md
  - docs/models/operations/ExecutePolicyResponse.md
  - docs/models/operations/ExecutePolicyWithInputRequest.md
  - docs/models/operations/ExecutePolicyWithInputRequestBody.md
  - docs/models/operations/ExecutePolicyWithInputResponse.md
  - docs/models/operations/HealthRequest.md
  - docs/models/operations/HealthResponse.md
  - docs/models/shared/BatchMixedResults.md
  - docs/models/shared/BatchSuccessfulPolicyEvaluation.md
  - docs/models/shared/Errors.md
  - docs/models/shared/Explain.md
  - docs/models/shared/GzipAcceptEncoding.md
  - docs/models/shared/GzipContentEncoding.md
  - docs/models/shared/HealthyServer.md
  - docs/models/shared/Input.md
  - docs/models/shared/Location.md
  - docs/models/shared/Provenance.md
  - docs/models/shared/Responses.md
  - docs/models/shared/ResponsesErrors.md
  - docs/models/shared/ResponsesLocation.md
  - docs/models/shared/Result.md
  - docs/models/shared/Revision.md
  - docs/models/shared/Security.md
  - docs/models/shared/ServerError.md
  - docs/models/shared/ServerErrorWithStatusCode.md
  - docs/models/shared/SuccessfulPolicyResponse.md
  - docs/models/shared/SuccessfulPolicyResponseWithStatusCode.md
  - docs/sdks/opaapiclient/README.md
  - gradle/wrapper/gradle-wrapper.jar
  - gradle/wrapper/gradle-wrapper.properties
  - gradlew
  - gradlew.bat
  - settings.gradle
  - src/main/java/com/styra/opa/openapi/OpaApiClient.java
  - src/main/java/com/styra/opa/openapi/SDKConfiguration.java
  - src/main/java/com/styra/opa/openapi/SecuritySource.java
  - src/main/java/com/styra/opa/openapi/models/errors/AuthException.java
  - src/main/java/com/styra/opa/openapi/models/errors/BatchServerError.java
  - src/main/java/com/styra/opa/openapi/models/errors/ClientError.java
  - src/main/java/com/styra/opa/openapi/models/errors/ClientError1.java
  - src/main/java/com/styra/opa/openapi/models/errors/Errors.java
  - src/main/java/com/styra/opa/openapi/models/errors/Location.java
  - src/main/java/com/styra/opa/openapi/models/errors/SDKError.java
  - src/main/java/com/styra/opa/openapi/models/errors/ServerError.java
  - src/main/java/com/styra/opa/openapi/models/errors/ServerErrorErrors.java
  - src/main/java/com/styra/opa/openapi/models/errors/ServerErrorLocation.java
  - src/main/java/com/styra/opa/openapi/models/errors/UnhealthyServer.java
  - src/main/java/com/styra/opa/openapi/models/operations/ExecuteBatchPolicyWithInputRequest.java
  - src/main/java/com/styra/opa/openapi/models/operations/ExecuteBatchPolicyWithInputRequestBody.java
  - src/main/java/com/styra/opa/openapi/models/operations/ExecuteBatchPolicyWithInputRequestBuilder.java
  - src/main/java/com/styra/opa/openapi/models/operations/ExecuteBatchPolicyWithInputResponse.java
  - src/main/java/com/styra/opa/openapi/models/operations/ExecuteDefaultPolicyWithInputRequest.java
  - src/main/java/com/styra/opa/openapi/models/operations/ExecuteDefaultPolicyWithInputRequestBuilder.java
  - src/main/java/com/styra/opa/openapi/models/operations/ExecuteDefaultPolicyWithInputResponse.java
  - src/main/java/com/styra/opa/openapi/models/operations/ExecutePolicyRequest.java
  - src/main/java/com/styra/opa/openapi/models/operations/ExecutePolicyRequestBuilder.java
  - src/main/java/com/styra/opa/openapi/models/operations/ExecutePolicyResponse.java
  - src/main/java/com/styra/opa/openapi/models/operations/ExecutePolicyWithInputRequest.java
  - src/main/java/com/styra/opa/openapi/models/operations/ExecutePolicyWithInputRequestBody.java
  - src/main/java/com/styra/opa/openapi/models/operations/ExecutePolicyWithInputRequestBuilder.java
  - src/main/java/com/styra/opa/openapi/models/operations/ExecutePolicyWithInputResponse.java
  - src/main/java/com/styra/opa/openapi/models/operations/HealthRequest.java
  - src/main/java/com/styra/opa/openapi/models/operations/HealthRequestBuilder.java
  - src/main/java/com/styra/opa/openapi/models/operations/HealthResponse.java
  - src/main/java/com/styra/opa/openapi/models/operations/SDKMethodInterfaces.java
  - src/main/java/com/styra/opa/openapi/models/shared/BatchMixedResults.java
  - src/main/java/com/styra/opa/openapi/models/shared/BatchSuccessfulPolicyEvaluation.java
  - src/main/java/com/styra/opa/openapi/models/shared/Errors.java
  - src/main/java/com/styra/opa/openapi/models/shared/Explain.java
  - src/main/java/com/styra/opa/openapi/models/shared/GzipAcceptEncoding.java
  - src/main/java/com/styra/opa/openapi/models/shared/GzipContentEncoding.java
  - src/main/java/com/styra/opa/openapi/models/shared/HealthyServer.java
  - src/main/java/com/styra/opa/openapi/models/shared/Input.java
  - src/main/java/com/styra/opa/openapi/models/shared/Location.java
  - src/main/java/com/styra/opa/openapi/models/shared/Provenance.java
  - src/main/java/com/styra/opa/openapi/models/shared/Responses.java
  - src/main/java/com/styra/opa/openapi/models/shared/ResponsesErrors.java
  - src/main/java/com/styra/opa/openapi/models/shared/ResponsesLocation.java
  - src/main/java/com/styra/opa/openapi/models/shared/Result.java
  - src/main/java/com/styra/opa/openapi/models/shared/Revision.java
  - src/main/java/com/styra/opa/openapi/models/shared/Security.java
  - src/main/java/com/styra/opa/openapi/models/shared/ServerError.java
  - src/main/java/com/styra/opa/openapi/models/shared/ServerErrorWithStatusCode.java
  - src/main/java/com/styra/opa/openapi/models/shared/SuccessfulPolicyResponse.java
  - src/main/java/com/styra/opa/openapi/models/shared/SuccessfulPolicyResponseWithStatusCode.java
  - src/main/java/com/styra/opa/openapi/utils/BackoffStrategy.java
  - src/main/java/com/styra/opa/openapi/utils/BigDecimalString.java
  - src/main/java/com/styra/opa/openapi/utils/BigIntegerString.java
  - src/main/java/com/styra/opa/openapi/utils/Deserializers.java
  - src/main/java/com/styra/opa/openapi/utils/EventStream.java
  - src/main/java/com/styra/opa/openapi/utils/EventStreamLineReader.java
  - src/main/java/com/styra/opa/openapi/utils/EventStreamMessage.java
  - src/main/java/com/styra/opa/openapi/utils/EventStreamReader.java
  - src/main/java/com/styra/opa/openapi/utils/FormMetadata.java
  - src/main/java/com/styra/opa/openapi/utils/HTTPClient.java
  - src/main/java/com/styra/opa/openapi/utils/HTTPRequest.java
  - src/main/java/com/styra/opa/openapi/utils/HeaderMetadata.java
  - src/main/java/com/styra/opa/openapi/utils/Helpers.java
  - src/main/java/com/styra/opa/openapi/utils/Hook.java
  - src/main/java/com/styra/opa/openapi/utils/Hooks.java
  - src/main/java/com/styra/opa/openapi/utils/JSON.java
  - src/main/java/com/styra/opa/openapi/utils/LazySingletonValue.java
  - src/main/java/com/styra/opa/openapi/utils/Metadata.java
  - src/main/java/com/styra/opa/openapi/utils/MultipartFormMetadata.java
  - src/main/java/com/styra/opa/openapi/utils/OneOfDeserializer.java
  - src/main/java/com/styra/opa/openapi/utils/Options.java
  - src/main/java/com/styra/opa/openapi/utils/PathParamsMetadata.java
  - src/main/java/com/styra/opa/openapi/utils/QueryParameters.java
  - src/main/java/com/styra/opa/openapi/utils/QueryParamsMetadata.java
  - src/main/java/com/styra/opa/openapi/utils/RequestBody.java
  - src/main/java/com/styra/opa/openapi/utils/RequestMetadata.java
  - src/main/java/com/styra/opa/openapi/utils/Response.java
  - src/main/java/com/styra/opa/openapi/utils/Retries.java
  - src/main/java/com/styra/opa/openapi/utils/RetryConfig.java
  - src/main/java/com/styra/opa/openapi/utils/Security.java
  - src/main/java/com/styra/opa/openapi/utils/SecurityMetadata.java
  - src/main/java/com/styra/opa/openapi/utils/SerializedBody.java
  - src/main/java/com/styra/opa/openapi/utils/SpeakeasyHTTPClient.java
  - src/main/java/com/styra/opa/openapi/utils/SpeakeasyMetadata.java
  - src/main/java/com/styra/opa/openapi/utils/TypedObject.java
  - src/main/java/com/styra/opa/openapi/utils/Types.java
  - src/main/java/com/styra/opa/openapi/utils/Utils.java
examples:
  executeBatchPolicyWithInput:
    speakeasy-default-execute-batch-policy-with-input:
      parameters:
        header: {}
        path:
          path: app/rbac
        query: {}
      requestBody:
        application/json:
          inputs:
            key: "6919.52"
      responses:
        "200":
          application/json:
            batch_decision_id: 1bef6b7d-cd13-4890-bfe1-fd2e8de32189
            responses:
              key:
                result: <value>
        "207":
          application/json:
            responses:
              key:
                code: <value>
                decision_id: b84cf736-213c-4932-a8e4-bb5c648f1b4d
                http_status_code: "200"
                message: <value>
        "400":
          application/json:
            code: <value>
            message: <value>
        "500":
          application/json:
            responses:
              key:
                code: <value>
                decision_id: b84cf736-213c-4932-a8e4-bb5c648f1b4d
                message: <value>
  executeDefaultPolicyWithInput:
    speakeasy-default-execute-default-policy-with-input:
      requestBody:
        application/json: "4963.69"
      responses:
        "200":
          application/json: <value>
        "400":
          application/json:
            code: <value>
            message: <value>
        "500":
          application/json:
            code: <value>
            decision_id: b84cf736-213c-4932-a8e4-bb5c648f1b4d
            message: <value>
  executePolicy:
    speakeasy-default-execute-policy:
      parameters:
        header: {}
        path:
          path: app/rbac
        query: {}
      responses:
        "200":
          application/json:
            result: false
        "400":
          application/json:
            code: <value>
            message: <value>
        "500":
          application/json:
            code: <value>
            decision_id: b84cf736-213c-4932-a8e4-bb5c648f1b4d
            message: <value>
  executePolicyWithInput:
    speakeasy-default-execute-policy-with-input:
      parameters:
        header: {}
        path:
          path: app/rbac
        query: {}
      requestBody:
        application/json:
          input: true
      responses:
        "200":
          application/json:
            result: false
        "400":
          application/json:
            code: <value>
            message: <value>
        "500":
          application/json:
            code: <value>
            decision_id: b84cf736-213c-4932-a8e4-bb5c648f1b4d
            message: <value>
  health: {}
