speakeasyVersion: 1.531.0
sources:
    openapi:
        sourceNamespace: openapi
        sourceRevisionDigest: sha256:5cb6bc3127a9d1c1ffa8aa2d31de43c9aeb09cbf73ada99457332c71e483f6c5
        sourceBlobDigest: sha256:fc6e2df14a721c45f2d4277c775c9ac01fc7ef2a51ed40c09d41e8e361084690
        tags:
            - latest
            - speakeasy-sdk-regen-1744220550
            - 0.2.0
targets:
    opa:
        source: openapi
        sourceNamespace: openapi
        sourceRevisionDigest: sha256:5cb6bc3127a9d1c1ffa8aa2d31de43c9aeb09cbf73ada99457332c71e483f6c5
        sourceBlobDigest: sha256:fc6e2df14a721c45f2d4277c775c9ac01fc7ef2a51ed40c09d41e8e361084690
        codeSamplesNamespace: openapi-java-code-samples
        codeSamplesRevisionDigest: sha256:2bf0df51ca8a20694a0a0e160efe53693a39bcefa820bc8812e575c657a6af28
workflow:
    workflowVersion: 1.0.0
    speakeasyVersion: latest
    sources:
        openapi:
            inputs:
                - location: https://raw.githubusercontent.com/StyraInc/enterprise-opa/main/openapi/openapi.yaml
            overlays:
                - location: .speakeasy/overlay.yaml
            registry:
                location: registry.speakeasyapi.dev/styra/styra/openapi
    targets:
        opa:
            target: java
            source: openapi
            publish:
                java:
                    ossrhUsername: $OSSRH_USERNAME
                    ossrhPassword: $OSSRH_PASSWORD
                    gpgSecretKey: $JAVA_GPG_SECRET_KEY
                    gpgPassPhrase: $JAVA_GPG_PASSPHRASE
                    useSonatypeLegacy: true
            codeSamples:
                registry:
                    location: registry.speakeasyapi.dev/styra/styra/openapi-java-code-samples
                labelOverride:
                    fixedValue: Java (SDK)
                blocking: false
