speakeasyVersion: 1.354.0
sources:
    openapi:
        sourceNamespace: openapi
        sourceRevisionDigest: sha256:cdedb966379a4fcac12704efa03907a7529e5fe7d9497ce97571efe8bb06194d
        sourceBlobDigest: sha256:0a582b34b60d45468d7211a21ded7a26384d8a6a8d07c7277bd34e3b37b3674a
        tags:
            - latest
targets:
    opa:
        source: openapi
        sourceNamespace: openapi
        sourceRevisionDigest: sha256:cdedb966379a4fcac12704efa03907a7529e5fe7d9497ce97571efe8bb06194d
        sourceBlobDigest: sha256:0a582b34b60d45468d7211a21ded7a26384d8a6a8d07c7277bd34e3b37b3674a
        outLocation: /Users/cad/f/src/opa-java
workflow:
    workflowVersion: 1.0.0
    speakeasyVersion: latest
    sources:
        openapi:
            inputs:
                - location: https://raw.githubusercontent.com/StyraInc/enterprise-opa/main/openapi/openapi.yaml
            registry:
                location: registry.speakeasyapi.dev/styra/styra/openapi
    targets:
        opa:
            target: java
            source: openapi
            publish:
                java:
                    ossrhUsername: $OSSRH_USERNAME
                    ossrhPassword: $OSSRH_PASSWORD
                    gpgSecretKey: $JAVA_GPG_SECRET_KEY
                    gpgPassPhrase: $JAVA_GPG_PASSPHRASE
                    useSonatypeLegacy: true
