speakeasyVersion: 1.348.0
sources:
    openapi:
        sourceNamespace: openapi
        sourceRevisionDigest: sha256:c61841e36e9f636ea97dae6e7a01ff649b8faf336ebbaf407faf0fa6d977a18e
        sourceBlobDigest: sha256:0414f3826ffba0b980269bf45175889350f906300b18bb5fdaf3dc5c8620260f
        tags:
            - latest
targets:
    opa:
        source: openapi
        sourceNamespace: openapi
        sourceRevisionDigest: sha256:c61841e36e9f636ea97dae6e7a01ff649b8faf336ebbaf407faf0fa6d977a18e
        sourceBlobDigest: sha256:0414f3826ffba0b980269bf45175889350f906300b18bb5fdaf3dc5c8620260f
        outLocation: /Users/cad/f/src/opa-java
workflow:
    workflowVersion: 1.0.0
    speakeasyVersion: latest
    sources:
        openapi:
            inputs:
                - location: https://raw.githubusercontent.com/StyraInc/enterprise-opa/main/openapi/openapi.yaml
            registry:
                location: registry.speakeasyapi.dev/styra/styra/openapi
    targets:
        opa:
            target: java
            source: openapi
            publish:
                java:
                    ossrhUsername: $OSSRH_USERNAME
                    ossrhPassword: $OSSRH_PASSWORD
                    gpgSecretKey: $JAVA_GPG_SECRET_KEY
                    gpgPassPhrase: $JAVA_GPG_PASSPHRASE
                    useSonatypeLegacy: true
